
Microsoft Visual Studio Solution File, Format Version 12.00
# Visual Studio Version 16
VisualStudioVersion = 16.0.31613.86
MinimumVisualStudioVersion = 10.0.40219.1
Project("{FAE04EC0-301F-11D3-BF4B-00C04F79EFBC}") = "Vehicles.Common", "Vehicles.Common\Vehicles.Common.csproj", "{D0F4074D-7A0F-48FF-ACB0-BE7BCF094FE0}"
EndProject
Project("{FAE04EC0-301F-11D3-BF4B-00C04F79EFBC}") = "Vehicles.API", "Vehicles.API\Vehicles.API.csproj", "{0A483220-50D1-4905-9DE0-4D4321CA2BD6}"
EndProject
Global
	GlobalSection(SolutionConfigurationPlatforms) = preSolution
		Debug|Any CPU = Debug|Any CPU
		Release|Any CPU = Release|Any CPU
	EndGlobalSection
	GlobalSection(ProjectConfigurationPlatforms) = postSolution
		{D0F4074D-7A0F-48FF-ACB0-BE7BCF094FE0}.Debug|Any CPU.ActiveCfg = Debug|Any CPU
		{D0F4074D-7A0F-48FF-ACB0-BE7BCF094FE0}.Debug|Any CPU.Build.0 = Debug|Any CPU
		{D0F4074D-7A0F-48FF-ACB0-BE7BCF094FE0}.Release|Any CPU.ActiveCfg = Release|Any CPU
		{D0F4074D-7A0F-48FF-ACB0-BE7BCF094FE0}.Release|Any CPU.Build.0 = Release|Any CPU
		{0A483220-50D1-4905-9DE0-4D4321CA2BD6}.Debug|Any CPU.ActiveCfg = Debug|Any CPU
		{0A483220-50D1-4905-9DE0-4D4321CA2BD6}.Debug|Any CPU.Build.0 = Debug|Any CPU
		{0A483220-50D1-4905-9DE0-4D4321CA2BD6}.Release|Any CPU.ActiveCfg = Release|Any CPU
		{0A483220-50D1-4905-9DE0-4D4321CA2BD6}.Release|Any CPU.Build.0 = Release|Any CPU
	EndGlobalSection
	GlobalSection(SolutionProperties) = preSolution
		HideSolutionNode = FALSE
	EndGlobalSection
	GlobalSection(ExtensibilityGlobals) = postSolution
		SolutionGuid = {A2B0A598-B20B-40D5-8A58-6D6BA44A982D}
	EndGlobalSection
EndGlobal
